// !$*UTF8*$!
{
	archiveVersion = 1;
	classes = {
	};
	objectVersion = 77;
	objects = {

/* Begin PBXBuildFile section */
		C5B91CBB2E9D6A23000CA05D /* Auth in Frameworks */ = {isa = PBXBuildFile; productRef = C5B91CBA2E9D6A23000CA05D /* Auth */; };
		C5B91CBD2E9D6A23000CA05D /* Realtime in Frameworks */ = {isa = PBXBuildFile; productRef = C5B91CBC2E9D6A23000CA05D /* Realtime */; };
		C5B91CBF2E9D6A23000CA05D /* Storage in Frameworks */ = {isa = PBXBuildFile; productRef = C5B91CBE2E9D6A23000CA05D /* Storage */; };
		C5B91CC12E9D6A23000CA05D /* Supabase in Frameworks */ = {isa = PBXBuildFile; productRef = C5B91CC02E9D6A23000CA05D /* Supabase */; };
		C5B91CC42E9D6D6D000CA05D /* Adapty in Frameworks */ = {isa = PBXBuildFile; productRef = C5B91CC32E9D6D6D000CA05D /* Adapty */; };
		C5B91CC72E9D6D99000CA05D /* Kingfisher in Frameworks */ = {isa = PBXBuildFile; productRef = C5B91CC62E9D6D99000CA05D /* Kingfisher */; };
		C5C6DDF92E9EE24A00C63300 /* FalClient in Frameworks */ = {isa = PBXBuildFile; productRef = C5C6DDF82E9EE24A00C63300 /* FalClient */; };
/* End PBXBuildFile section */

/* Begin PBXFileReference section */
		C5B91B602E9C4E54000CA05D /* BananaUniverse.app */ = {isa = PBXFileReference; explicitFileType = wrapper.application; includeInIndex = 0; path = BananaUniverse.app; sourceTree = BUILT_PRODUCTS_DIR; };
		C5B91CC82E9D6E00000CA05D /* BananaUniverse.storekit */ = {isa = PBXFileReference; lastKnownFileType = text.json; path = BananaUniverse.storekit; sourceTree = "<group>"; };
		C5B91CC92E9D6E01000CA05D /* BananaUniverseTestPlan.xctestplan */ = {isa = PBXFileReference; lastKnownFileType = text.xctestplan; path = BananaUniverseTestPlan.xctestplan; sourceTree = "<group>"; };
/* End PBXFileReference section */

/* Begin PBXFileSystemSynchronizedRootGroup section */
		C5B91B622E9C4E54000CA05D /* BananaUniverse */ = {
			isa = PBXFileSystemSynchronizedRootGroup;
			path = BananaUniverse;
			sourceTree = "<group>";
		};
/* End PBXFileSystemSynchronizedRootGroup section */

/* Begin PBXFrameworksBuildPhase section */
		C5B91B5D2E9C4E54000CA05D /* Frameworks */ = {
			isa = PBXFrameworksBuildPhase;
			buildActionMask = 2147483647;
			files = (
				C5B91CC72E9D6D99000CA05D /* Kingfisher in Frameworks */,
				C5B91CC42E9D6D6D000CA05D /* Adapty in Frameworks */,
				C5B91CC12E9D6A23000CA05D /* Supabase in Frameworks */,
				C5B91CBF2E9D6A23000CA05D /* Storage in Frameworks */,
				C5B91CBB2E9D6A23000CA05D /* Auth in Frameworks */,
				C5C6DDF92E9EE24A00C63300 /* FalClient in Frameworks */,
				C5B91CBD2E9D6A23000CA05D /* Realtime in Frameworks */,
			);
			runOnlyForDeploymentPostprocessing = 0;
		};
/* End PBXFrameworksBuildPhase section */

/* Begin PBXGroup section */
		C5B91B572E9C4E54000CA05D = {
			isa = PBXGroup;
			children = (
				C5B91B622E9C4E54000CA05D /* BananaUniverse */,
				C5B91CC82E9D6E00000CA05D /* BananaUniverse.storekit */,
				C5B91CC92E9D6E01000CA05D /* BananaUniverseTestPlan.xctestplan */,
				C5B91B612E9C4E54000CA05D /* Products */,
			);
			sourceTree = "<group>";
		};
		C5B91B612E9C4E54000CA05D /* Products */ = {
			isa = PBXGroup;
			children = (
				C5B91B602E9C4E54000CA05D /* BananaUniverse.app */,
			);
			name = Products;
			sourceTree = "<group>";
		};
/* End PBXGroup section */

/* Begin PBXNativeTarget section */
		C5B91B5F2E9C4E54000CA05D /* BananaUniverse */ = {
			isa = PBXNativeTarget;
			buildConfigurationList = C5B91B6B2E9C4E56000CA05D /* Build configuration list for PBXNativeTarget "BananaUniverse" */;
			buildPhases = (
				C5B91B5C2E9C4E54000CA05D /* Sources */,
				C5B91B5D2E9C4E54000CA05D /* Frameworks */,
				C5B91B5E2E9C4E54000CA05D /* Resources */,
			);
			buildRules = (
			);
			dependencies = (
			);
			fileSystemSynchronizedGroups = (
				C5B91B622E9C4E54000CA05D /* BananaUniverse */,
			);
			name = BananaUniverse;
			packageProductDependencies = (
				C5B91CBA2E9D6A23000CA05D /* Auth */,
				C5B91CBC2E9D6A23000CA05D /* Realtime */,
				C5B91CBE2E9D6A23000CA05D /* Storage */,
				C5B91CC02E9D6A23000CA05D /* Supabase */,
				C5B91CC32E9D6D6D000CA05D /* Adapty */,
				C5B91CC62E9D6D99000CA05D /* Kingfisher */,
				C5C6DDF82E9EE24A00C63300 /* FalClient */,
			);
			productName = BananaUniverse;
			productReference = C5B91B602E9C4E54000CA05D /* BananaUniverse.app */;
			productType = "com.apple.product-type.application";
		};
/* End PBXNativeTarget section */

/* Begin PBXProject section */
		C5B91B582E9C4E54000CA05D /* Project object */ = {
			isa = PBXProject;
			attributes = {
				BuildIndependentTargetsInParallel = 1;
				LastSwiftUpdateCheck = 1640;
				LastUpgradeCheck = 1640;
				TargetAttributes = {
					C5B91B5F2E9C4E54000CA05D = {
						CreatedOnToolsVersion = 16.4;
					};
				};
			};
			buildConfigurationList = C5B91B5B2E9C4E54000CA05D /* Build configuration list for PBXProject "BananaUniverse" */;
			developmentRegion = en;
			hasScannedForEncodings = 0;
			knownRegions = (
				en,
				Base,
				tr,
			);
			mainGroup = C5B91B572E9C4E54000CA05D;
			minimizedProjectReferenceProxies = 1;
			packageReferences = (
				C5B91CB92E9D6A23000CA05D /* XCRemoteSwiftPackageReference "supabase-swift" */,
				C5B91CC22E9D6D6D000CA05D /* XCRemoteSwiftPackageReference "AdaptySDK-iOS" */,
				C5B91CC52E9D6D99000CA05D /* XCRemoteSwiftPackageReference "Kingfisher" */,
				C5C6DDF72E9EE24A00C63300 /* XCRemoteSwiftPackageReference "fal-swift" */,
			);
			preferredProjectObjectVersion = 77;
			productRefGroup = C5B91B612E9C4E54000CA05D /* Products */;
			projectDirPath = "";
			projectRoot = "";
			targets = (
				C5B91B5F2E9C4E54000CA05D /* BananaUniverse */,
			);
		};
/* End PBXProject section */

/* Begin PBXResourcesBuildPhase section */
		C5B91B5E2E9C4E54000CA05D /* Resources */ = {
			isa = PBXResourcesBuildPhase;
			buildActionMask = 2147483647;
			files = (
			);
			runOnlyForDeploymentPostprocessing = 0;
		};
/* End PBXResourcesBuildPhase section */

/* Begin PBXSourcesBuildPhase section */
		C5B91B5C2E9C4E54000CA05D /* Sources */ = {
			isa = PBXSourcesBuildPhase;
			buildActionMask = 2147483647;
			files = (
			);
			runOnlyForDeploymentPostprocessing = 0;
		};
/* End PBXSourcesBuildPhase section */

/* Begin XCBuildConfiguration section */
		C5B91B692E9C4E56000CA05D /* Debug */ = {
			isa = XCBuildConfiguration;
			buildSettings = {
				ALWAYS_SEARCH_USER_PATHS = NO;
				ASSETCATALOG_COMPILER_GENERATE_SWIFT_ASSET_SYMBOL_EXTENSIONS = YES;
				CLANG_ANALYZER_NONNULL = YES;
				CLANG_ANALYZER_NUMBER_OBJECT_CONVERSION = YES_AGGRESSIVE;
				CLANG_CXX_LANGUAGE_STANDARD = "gnu++20";
				CLANG_ENABLE_MODULES = YES;
				CLANG_ENABLE_OBJC_ARC = YES;
				CLANG_ENABLE_OBJC_WEAK = YES;
				CLANG_WARN_BLOCK_CAPTURE_AUTORELEASING = YES;
				CLANG_WARN_BOOL_CONVERSION = YES;
				CLANG_WARN_COMMA = YES;
				CLANG_WARN_CONSTANT_CONVERSION = YES;
				CLANG_WARN_DEPRECATED_OBJC_IMPLEMENTATIONS = YES;
				CLANG_WARN_DIRECT_OBJC_ISA_USAGE = YES_ERROR;
				CLANG_WARN_DOCUMENTATION_COMMENTS = YES;
				CLANG_WARN_EMPTY_BODY = YES;
				CLANG_WARN_ENUM_CONVERSION = YES;
				CLANG_WARN_INFINITE_RECURSION = YES;
				CLANG_WARN_INT_CONVERSION = YES;
				CLANG_WARN_NON_LITERAL_NULL_CONVERSION = YES;
				CLANG_WARN_OBJC_IMPLICIT_RETAIN_SELF = YES;
				CLANG_WARN_OBJC_LITERAL_CONVERSION = YES;
				CLANG_WARN_OBJC_ROOT_CLASS = YES_ERROR;
				CLANG_WARN_QUOTED_INCLUDE_IN_FRAMEWORK_HEADER = YES;
				CLANG_WARN_RANGE_LOOP_ANALYSIS = YES;
				CLANG_WARN_STRICT_PROTOTYPES = YES;
				CLANG_WARN_SUSPICIOUS_MOVE = YES;
				CLANG_WARN_UNGUARDED_AVAILABILITY = YES_AGGRESSIVE;
				CLANG_WARN_UNREACHABLE_CODE = YES;
				CLANG_WARN__DUPLICATE_METHOD_MATCH = YES;
				COPY_PHASE_STRIP = NO;
				DEBUG_INFORMATION_FORMAT = dwarf;
				DEVELOPMENT_TEAM = N5386872HH;
				ENABLE_STRICT_OBJC_MSGSEND = YES;
				ENABLE_TESTABILITY = YES;
				ENABLE_USER_SCRIPT_SANDBOXING = YES;
				GCC_C_LANGUAGE_STANDARD = gnu17;
				GCC_DYNAMIC_NO_PIC = NO;
				GCC_NO_COMMON_BLOCKS = YES;
				GCC_OPTIMIZATION_LEVEL = 0;
				GCC_PREPROCESSOR_DEFINITIONS = (
					"DEBUG=1",
					"$(inherited)",
				);
				GCC_WARN_64_TO_32_BIT_CONVERSION = YES;
				GCC_WARN_ABOUT_RETURN_TYPE = YES_ERROR;
				GCC_WARN_UNDECLARED_SELECTOR = YES;
				GCC_WARN_UNINITIALIZED_AUTOS = YES_AGGRESSIVE;
				GCC_WARN_UNUSED_FUNCTION = YES;
				GCC_WARN_UNUSED_VARIABLE = YES;
				INFOPLIST_KEY_NSPhotoLibraryAddUsageDescription = "We need permission to save your edited images to your Photos library.";
				INFOPLIST_KEY_NSPhotoLibraryUsageDescription = "We need access to your photo library to let you select and edit your images.";
				IPHONEOS_DEPLOYMENT_TARGET = 16.0;
				LOCALIZATION_PREFERS_STRING_CATALOGS = YES;
				MTL_ENABLE_DEBUG_INFO = INCLUDE_SOURCE;
				MTL_FAST_MATH = YES;
				ONLY_ACTIVE_ARCH = YES;
				SDKROOT = iphoneos;
				SWIFT_ACTIVE_COMPILATION_CONDITIONS = "DEBUG $(inherited)";
				SWIFT_OPTIMIZATION_LEVEL = "-Onone";
			};
			name = Debug;
		};
		C5B91B6A2E9C4E56000CA05D /* Release */ = {
			isa = XCBuildConfiguration;
			buildSettings = {
				ALWAYS_SEARCH_USER_PATHS = NO;
				ASSETCATALOG_COMPILER_GENERATE_SWIFT_ASSET_SYMBOL_EXTENSIONS = YES;
				CLANG_ANALYZER_NONNULL = YES;
				CLANG_ANALYZER_NUMBER_OBJECT_CONVERSION = YES_AGGRESSIVE;
				CLANG_CXX_LANGUAGE_STANDARD = "gnu++20";
				CLANG_ENABLE_MODULES = YES;
				CLANG_ENABLE_OBJC_ARC = YES;
				CLANG_ENABLE_OBJC_WEAK = YES;
				CLANG_WARN_BLOCK_CAPTURE_AUTORELEASING = YES;
				CLANG_WARN_BOOL_CONVERSION = YES;
				CLANG_WARN_COMMA = YES;
				CLANG_WARN_CONSTANT_CONVERSION = YES;
				CLANG_WARN_DEPRECATED_OBJC_IMPLEMENTATIONS = YES;
				CLANG_WARN_DIRECT_OBJC_ISA_USAGE = YES_ERROR;
				CLANG_WARN_DOCUMENTATION_COMMENTS = YES;
				CLANG_WARN_EMPTY_BODY = YES;
				CLANG_WARN_ENUM_CONVERSION = YES;
				CLANG_WARN_INFINITE_RECURSION = YES;
				CLANG_WARN_INT_CONVERSION = YES;
				CLANG_WARN_NON_LITERAL_NULL_CONVERSION = YES;
				CLANG_WARN_OBJC_IMPLICIT_RETAIN_SELF = YES;
				CLANG_WARN_OBJC_LITERAL_CONVERSION = YES;
				CLANG_WARN_OBJC_ROOT_CLASS = YES_ERROR;
				CLANG_WARN_QUOTED_INCLUDE_IN_FRAMEWORK_HEADER = YES;
				CLANG_WARN_RANGE_LOOP_ANALYSIS = YES;
				CLANG_WARN_STRICT_PROTOTYPES = YES;
				CLANG_WARN_SUSPICIOUS_MOVE = YES;
				CLANG_WARN_UNGUARDED_AVAILABILITY = YES_AGGRESSIVE;
				CLANG_WARN_UNREACHABLE_CODE = YES;
				CLANG_WARN__DUPLICATE_METHOD_MATCH = YES;
				COPY_PHASE_STRIP = NO;
				DEBUG_INFORMATION_FORMAT = "dwarf-with-dsym";
				DEVELOPMENT_TEAM = N5386872HH;
				ENABLE_NS_ASSERTIONS = NO;
				ENABLE_STRICT_OBJC_MSGSEND = YES;
				ENABLE_USER_SCRIPT_SANDBOXING = YES;
				GCC_C_LANGUAGE_STANDARD = gnu17;
				GCC_NO_COMMON_BLOCKS = YES;
				GCC_WARN_64_TO_32_BIT_CONVERSION = YES;
				GCC_WARN_ABOUT_RETURN_TYPE = YES_ERROR;
				GCC_WARN_UNDECLARED_SELECTOR = YES;
				GCC_WARN_UNINITIALIZED_AUTOS = YES_AGGRESSIVE;
				GCC_WARN_UNUSED_FUNCTION = YES;
				GCC_WARN_UNUSED_VARIABLE = YES;
				INFOPLIST_KEY_NSPhotoLibraryAddUsageDescription = "We need permission to save your edited images to your Photos library.";
				INFOPLIST_KEY_NSPhotoLibraryUsageDescription = "We need access to your photo library to let you select and edit your images.";
				IPHONEOS_DEPLOYMENT_TARGET = 16.0;
				LOCALIZATION_PREFERS_STRING_CATALOGS = YES;
				MTL_ENABLE_DEBUG_INFO = NO;
				MTL_FAST_MATH = YES;
				SDKROOT = iphoneos;
				SWIFT_COMPILATION_MODE = wholemodule;
				VALIDATE_PRODUCT = YES;
			};
			name = Release;
		};
		C5B91B6C2E9C4E56000CA05D /* Debug */ = {
			isa = XCBuildConfiguration;
			buildSettings = {
				ASSETCATALOG_COMPILER_APPICON_NAME = AppIcon;
				ASSETCATALOG_COMPILER_GLOBAL_ACCENT_COLOR_NAME = AccentColor;
				CODE_SIGN_ENTITLEMENTS = BananaUniverse/BananaUniverse.entitlements;
				CODE_SIGN_STYLE = Automatic;
				CURRENT_PROJECT_VERSION = 6;
				DEVELOPMENT_TEAM = N5386872HH;
				ENABLE_PREVIEWS = YES;
				GENERATE_INFOPLIST_FILE = YES;
				INFOPLIST_KEY_CFBundleDisplayName = "Banana Universe";
				INFOPLIST_KEY_CFBundleURLTypes = "{\n    CFBundleURLName = \"Apple Sign In\";\n    CFBundleURLSchemes =     (\n        \"com.janstrade.bananauniverse.signin\"\n    );\n}";
				INFOPLIST_KEY_LSApplicationCategoryType = "public.app-category.photography";
				INFOPLIST_KEY_LSApplicationQueriesSchemes = appleid;
				INFOPLIST_KEY_NSPhotoLibraryAddUsageDescription = "We need permission to save your edited images to your Photos library.";
				INFOPLIST_KEY_NSPhotoLibraryUsageDescription = "We need access to your photo library to let you select and edit your images.";
				INFOPLIST_KEY_UIApplicationSceneManifest_Generation = YES;
				INFOPLIST_KEY_UIApplicationSupportsIndirectInputEvents = YES;
				INFOPLIST_KEY_UILaunchScreen_Generation = YES;
				INFOPLIST_KEY_UISupportedInterfaceOrientations_iPad = "UIInterfaceOrientationPortrait UIInterfaceOrientationPortraitUpsideDown UIInterfaceOrientationLandscapeLeft UIInterfaceOrientationLandscapeRight";
				INFOPLIST_KEY_UISupportedInterfaceOrientations_iPhone = "UIInterfaceOrientationPortrait UIInterfaceOrientationLandscapeLeft UIInterfaceOrientationLandscapeRight";
				LD_RUNPATH_SEARCH_PATHS = (
					"$(inherited)",
					"@executable_path/Frameworks",
				);
				MARKETING_VERSION = 1.0.1;
				PRODUCT_BUNDLE_IDENTIFIER = com.janstrade.bananauniverse;
				PRODUCT_NAME = "$(TARGET_NAME)";
				SUPPORTED_PLATFORMS = "iphoneos iphonesimulator";
				SUPPORTS_MACCATALYST = NO;
				SUPPORTS_MAC_DESIGNED_FOR_IPHONE_IPAD = NO;
				SUPPORTS_XR_DESIGNED_FOR_IPHONE_IPAD = NO;
				SWIFT_EMIT_LOC_STRINGS = YES;
				SWIFT_VERSION = 5.0;
				TARGETED_DEVICE_FAMILY = 1;
			};
			name = Debug;
		};
		C5B91B6D2E9C4E56000CA05D /* Release */ = {
			isa = XCBuildConfiguration;
			buildSettings = {
				ASSETCATALOG_COMPILER_APPICON_NAME = AppIcon;
				ASSETCATALOG_COMPILER_GLOBAL_ACCENT_COLOR_NAME = AccentColor;
				CODE_SIGN_ENTITLEMENTS = BananaUniverse/BananaUniverse.entitlements;
				CODE_SIGN_STYLE = Automatic;
				CURRENT_PROJECT_VERSION = 6;
				DEVELOPMENT_TEAM = N5386872HH;
				ENABLE_PREVIEWS = YES;
				GENERATE_INFOPLIST_FILE = YES;
				INFOPLIST_KEY_CFBundleDisplayName = "Banana Universe";
				INFOPLIST_KEY_CFBundleURLTypes = "{\n    CFBundleURLName = \"Apple Sign In\";\n    CFBundleURLSchemes =     (\n        \"com.janstrade.bananauniverse.signin\"\n    );\n}";
				INFOPLIST_KEY_LSApplicationCategoryType = "public.app-category.photography";
				INFOPLIST_KEY_LSApplicationQueriesSchemes = appleid;
				INFOPLIST_KEY_NSPhotoLibraryAddUsageDescription = "We need permission to save your edited images to your Photos library.";
				INFOPLIST_KEY_NSPhotoLibraryUsageDescription = "We need access to your photo library to let you select and edit your images.";
				INFOPLIST_KEY_UIApplicationSceneManifest_Generation = YES;
				INFOPLIST_KEY_UIApplicationSupportsIndirectInputEvents = YES;
				INFOPLIST_KEY_UILaunchScreen_Generation = YES;
				INFOPLIST_KEY_UISupportedInterfaceOrientations_iPad = "UIInterfaceOrientationPortrait UIInterfaceOrientationPortraitUpsideDown UIInterfaceOrientationLandscapeLeft UIInterfaceOrientationLandscapeRight";
				INFOPLIST_KEY_UISupportedInterfaceOrientations_iPhone = "UIInterfaceOrientationPortrait UIInterfaceOrientationLandscapeLeft UIInterfaceOrientationLandscapeRight";
				LD_RUNPATH_SEARCH_PATHS = (
					"$(inherited)",
					"@executable_path/Frameworks",
				);
				MARKETING_VERSION = 1.0.1;
				PRODUCT_BUNDLE_IDENTIFIER = com.janstrade.bananauniverse;
				PRODUCT_NAME = "$(TARGET_NAME)";
				SUPPORTED_PLATFORMS = "iphoneos iphonesimulator";
				SUPPORTS_MACCATALYST = NO;
				SUPPORTS_MAC_DESIGNED_FOR_IPHONE_IPAD = NO;
				SUPPORTS_XR_DESIGNED_FOR_IPHONE_IPAD = NO;
				SWIFT_EMIT_LOC_STRINGS = YES;
				SWIFT_VERSION = 5.0;
				TARGETED_DEVICE_FAMILY = 1;
			};
			name = Release;
		};
/* End XCBuildConfiguration section */

/* Begin XCConfigurationList section */
		C5B91B5B2E9C4E54000CA05D /* Build configuration list for PBXProject "BananaUniverse" */ = {
			isa = XCConfigurationList;
			buildConfigurations = (
				C5B91B692E9C4E56000CA05D /* Debug */,
				C5B91B6A2E9C4E56000CA05D /* Release */,
			);
			defaultConfigurationIsVisible = 0;
			defaultConfigurationName = Release;
		};
		C5B91B6B2E9C4E56000CA05D /* Build configuration list for PBXNativeTarget "BananaUniverse" */ = {
			isa = XCConfigurationList;
			buildConfigurations = (
				C5B91B6C2E9C4E56000CA05D /* Debug */,
				C5B91B6D2E9C4E56000CA05D /* Release */,
			);
			defaultConfigurationIsVisible = 0;
			defaultConfigurationName = Release;
		};
/* End XCConfigurationList section */

/* Begin XCRemoteSwiftPackageReference section */
		C5B91CB92E9D6A23000CA05D /* XCRemoteSwiftPackageReference "supabase-swift" */ = {
			isa = XCRemoteSwiftPackageReference;
			repositoryURL = "https://github.com/supabase/supabase-swift.git";
			requirement = {
				kind = upToNextMajorVersion;
				minimumVersion = 2.5.1;
			};
		};
		C5B91CC22E9D6D6D000CA05D /* XCRemoteSwiftPackageReference "AdaptySDK-iOS" */ = {
			isa = XCRemoteSwiftPackageReference;
			repositoryURL = "https://github.com/adaptyteam/AdaptySDK-iOS";
			requirement = {
				kind = upToNextMajorVersion;
				minimumVersion = 3.11.0;
			};
		};
		C5B91CC52E9D6D99000CA05D /* XCRemoteSwiftPackageReference "Kingfisher" */ = {
			isa = XCRemoteSwiftPackageReference;
			repositoryURL = "https://github.com/onevcat/Kingfisher";
			requirement = {
				kind = upToNextMajorVersion;
				minimumVersion = 8.6.0;
			};
		};
		C5C6DDF72E9EE24A00C63300 /* XCRemoteSwiftPackageReference "fal-swift" */ = {
			isa = XCRemoteSwiftPackageReference;
			repositoryURL = "https://github.com/fal-ai/fal-swift.git";
			requirement = {
				kind = upToNextMajorVersion;
				minimumVersion = 0.5.6;
			};
		};
/* End XCRemoteSwiftPackageReference section */

/* Begin XCSwiftPackageProductDependency section */
		C5B91CBA2E9D6A23000CA05D /* Auth */ = {
			isa = XCSwiftPackageProductDependency;
			package = C5B91CB92E9D6A23000CA05D /* XCRemoteSwiftPackageReference "supabase-swift" */;
			productName = Auth;
		};
		C5B91CBC2E9D6A23000CA05D /* Realtime */ = {
			isa = XCSwiftPackageProductDependency;
			package = C5B91CB92E9D6A23000CA05D /* XCRemoteSwiftPackageReference "supabase-swift" */;
			productName = Realtime;
		};
		C5B91CBE2E9D6A23000CA05D /* Storage */ = {
			isa = XCSwiftPackageProductDependency;
			package = C5B91CB92E9D6A23000CA05D /* XCRemoteSwiftPackageReference "supabase-swift" */;
			productName = Storage;
		};
		C5B91CC02E9D6A23000CA05D /* Supabase */ = {
			isa = XCSwiftPackageProductDependency;
			package = C5B91CB92E9D6A23000CA05D /* XCRemoteSwiftPackageReference "supabase-swift" */;
			productName = Supabase;
		};
		C5B91CC32E9D6D6D000CA05D /* Adapty */ = {
			isa = XCSwiftPackageProductDependency;
			package = C5B91CC22E9D6D6D000CA05D /* XCRemoteSwiftPackageReference "AdaptySDK-iOS" */;
			productName = Adapty;
		};
		C5B91CC62E9D6D99000CA05D /* Kingfisher */ = {
			isa = XCSwiftPackageProductDependency;
			package = C5B91CC52E9D6D99000CA05D /* XCRemoteSwiftPackageReference "Kingfisher" */;
			productName = Kingfisher;
		};
		C5C6DDF82E9EE24A00C63300 /* FalClient */ = {
			isa = XCSwiftPackageProductDependency;
			package = C5C6DDF72E9EE24A00C63300 /* XCRemoteSwiftPackageReference "fal-swift" */;
			productName = FalClient;
		};
/* End XCSwiftPackageProductDependency section */
	};
	rootObject = C5B91B582E9C4E54000CA05D /* Project object */;
}
